<?xml version="1.0" encoding="utf-8"?>
<Project ToolsVersion="4.0" xmlns="http://schemas.microsoft.com/developer/msbuild/2003">
  <ItemGroup>
    <Filter Include="头文件">
      <UniqueIdentifier>{93995380-89BD-4b04-88EB-625FBE52EBFB}</UniqueIdentifier>
      <Extensions>h;hh;hpp;hxx;hm;inl;inc;xsd</Extensions>
    </Filter>
    <Filter Include="资源文件">
      <UniqueIdentifier>{67DA6AB6-F800-4c08-8B7A-83BB121AAD01}</UniqueIdentifier>
      <Extensions>rc;ico;cur;bmp;dlg;rc2;rct;bin;rgs;gif;jpg;jpeg;jpe;resx;tiff;tif;png;wav;mfcribbon-ms</Extensions>
    </Filter>
    <Filter Include="Common">
      <UniqueIdentifier>{7162a317-9823-495b-ac82-c97581345eb5}</UniqueIdentifier>
    </Filter>
    <Filter Include="Channel">
      <UniqueIdentifier>{5b5cb199-25f1-49f7-b650-279e2b605350}</UniqueIdentifier>
    </Filter>
    <Filter Include="Manager">
      <UniqueIdentifier>{5ab7be3c-e05e-437a-9e58-b687fd87c901}</UniqueIdentifier>
    </Filter>
    <Filter Include="Route">
      <UniqueIdentifier>{af25cada-5df5-4ba3-b55f-033b08237e05}</UniqueIdentifier>
    </Filter>
    <Filter Include="TinyXML2">
      <UniqueIdentifier>{bc8f6c00-3bab-4cd1-baa6-da72d7997503}</UniqueIdentifier>
    </Filter>
  </ItemGroup>
  <ItemGroup>
    <Text Include="ReadMe.txt" />
  </ItemGroup>
  <ItemGroup>
    <ClInclude Include="Common\MyCriticalSection.h">
      <Filter>Common</Filter>
    </ClInclude>
    <ClInclude Include="Common\ShareMemory.h">
      <Filter>Common</Filter>
    </ClInclude>
    <ClInclude Include="Channel\MemoryChannel.h">
      <Filter>Channel</Filter>
    </ClInclude>
    <ClInclude Include="Route\RouteServer.h">
      <Filter>Route</Filter>
    </ClInclude>
    <ClInclude Include="Channel\ChannelManager.h">
      <Filter>Channel</Filter>
    </ClInclude>
    <ClInclude Include="Common\Utility.h">
      <Filter>Common</Filter>
    </ClInclude>
    <ClInclude Include="Route\RouteClient.h">
      <Filter>Route</Filter>
    </ClInclude>
    <ClInclude Include="TinyXML2\tinyxml2.h">
      <Filter>TinyXML2</Filter>
    </ClInclude>
    <ClInclude Include="Route\RouteUtility.h">
      <Filter>Route</Filter>
    </ClInclude>
  </ItemGroup>
  <ItemGroup>
    <ClCompile Include="Common\ShareMemory.cpp">
      <Filter>Common</Filter>
    </ClCompile>
    <ClCompile Include="Channel\MemoryChannel.cpp">
      <Filter>Channel</Filter>
    </ClCompile>
    <ClCompile Include="Route\RouteServer.cpp">
      <Filter>Route</Filter>
    </ClCompile>
    <ClCompile Include="Channel\ChannelManager.cpp">
      <Filter>Channel</Filter>
    </ClCompile>
    <ClCompile Include="Common\Utility.cpp">
      <Filter>Common</Filter>
    </ClCompile>
    <ClCompile Include="Route\RouteClient.cpp">
      <Filter>Route</Filter>
    </ClCompile>
    <ClCompile Include="TinyXML2\tinyxml2.cpp">
      <Filter>TinyXML2</Filter>
    </ClCompile>
    <ClCompile Include="Route\RouteUtility.cpp">
      <Filter>Route</Filter>
    </ClCompile>
  </ItemGroup>
</Project>